// !$*UTF8*$!
{
	archiveVersion = 1;
	classes = {
	};
	objectVersion = 77;
	objects = {

/* Begin PBXBuildFile section */
		D60C64B02E1ABF1A0040128B /* GoogleMobileAds in Frameworks */ = {isa = PBXBuildFile; productRef = D60C64AF2E1ABF1A0040128B /* GoogleMobileAds */; };
		D6E738792D1E7FFB00AC5E87 /* GoogleSignIn in Frameworks */ = {isa = PBXBuildFile; productRef = D6E738782D1E7FFB00AC5E87 /* GoogleSignIn */; };
		D6E7387B2D1E7FFB00AC5E87 /* GoogleSignInSwift in Frameworks */ = {isa = PBXBuildFile; productRef = D6E7387A2D1E7FFB00AC5E87 /* GoogleSignInSwift */; };
/* End PBXBuildFile section */

/* Begin PBXContainerItemProxy section */
		D6E738552D11C84A00AC5E87 /* PBXContainerItemProxy */ = {
			isa = PBXContainerItemProxy;
			containerPortal = D6E7383A2D11C84900AC5E87 /* Project object */;
			proxyType = 1;
			remoteGlobalIDString = D6E738412D11C84900AC5E87;
			remoteInfo = TrackFit;
		};
		D6E7385F2D11C84A00AC5E87 /* PBXContainerItemProxy */ = {
			isa = PBXContainerItemProxy;
			containerPortal = D6E7383A2D11C84900AC5E87 /* Project object */;
			proxyType = 1;
			remoteGlobalIDString = D6E738412D11C84900AC5E87;
			remoteInfo = TrackFit;
		};
/* End PBXContainerItemProxy section */

/* Begin PBXFileReference section */
		D6E738422D11C84900AC5E87 /* TrackFit.app */ = {isa = PBXFileReference; explicitFileType = wrapper.application; includeInIndex = 0; path = TrackFit.app; sourceTree = BUILT_PRODUCTS_DIR; };
		D6E738542D11C84A00AC5E87 /* TrackFitTests.xctest */ = {isa = PBXFileReference; explicitFileType = wrapper.cfbundle; includeInIndex = 0; path = TrackFitTests.xctest; sourceTree = BUILT_PRODUCTS_DIR; };
		D6E7385E2D11C84A00AC5E87 /* TrackFitUITests.xctest */ = {isa = PBXFileReference; explicitFileType = wrapper.cfbundle; includeInIndex = 0; path = TrackFitUITests.xctest; sourceTree = BUILT_PRODUCTS_DIR; };
		D6E739A52D250A5600AC5E87 /* Secrets.xcconfig */ = {isa = PBXFileReference; lastKnownFileType = text.xcconfig; path = Secrets.xcconfig; sourceTree = "<group>"; };
/* End PBXFileReference section */

/* Begin PBXFileSystemSynchronizedBuildFileExceptionSet section */
		D6E7387D2D1E81D500AC5E87 /* Exceptions for "TrackFit" folder in "TrackFit" target */ = {
			isa = PBXFileSystemSynchronizedBuildFileExceptionSet;
			membershipExceptions = (
				Info.plist,
			);
			target = D6E738412D11C84900AC5E87 /* TrackFit */;
		};
/* End PBXFileSystemSynchronizedBuildFileExceptionSet section */

/* Begin PBXFileSystemSynchronizedRootGroup section */
		D6E738442D11C84900AC5E87 /* TrackFit */ = {
			isa = PBXFileSystemSynchronizedRootGroup;
			exceptions = (
				D6E7387D2D1E81D500AC5E87 /* Exceptions for "TrackFit" folder in "TrackFit" target */,
			);
			path = TrackFit;
			sourceTree = "<group>";
		};
		D6E738572D11C84A00AC5E87 /* TrackFitTests */ = {
			isa = PBXFileSystemSynchronizedRootGroup;
			path = TrackFitTests;
			sourceTree = "<group>";
		};
		D6E738612D11C84A00AC5E87 /* TrackFitUITests */ = {
			isa = PBXFileSystemSynchronizedRootGroup;
			path = TrackFitUITests;
			sourceTree = "<group>";
		};
/* End PBXFileSystemSynchronizedRootGroup section */

/* Begin PBXFrameworksBuildPhase section */
		D6E7383F2D11C84900AC5E87 /* Frameworks */ = {
			isa = PBXFrameworksBuildPhase;
			buildActionMask = 2147483647;
			files = (
				D60C64B02E1ABF1A0040128B /* GoogleMobileAds in Frameworks */,
				D6E738792D1E7FFB00AC5E87 /* GoogleSignIn in Frameworks */,
				D6E7387B2D1E7FFB00AC5E87 /* GoogleSignInSwift in Frameworks */,
			);
			runOnlyForDeploymentPostprocessing = 0;
		};
		D6E738512D11C84A00AC5E87 /* Frameworks */ = {
			isa = PBXFrameworksBuildPhase;
			buildActionMask = 2147483647;
			files = (
			);
			runOnlyForDeploymentPostprocessing = 0;
		};
		D6E7385B2D11C84A00AC5E87 /* Frameworks */ = {
			isa = PBXFrameworksBuildPhase;
			buildActionMask = 2147483647;
			files = (
			);
			runOnlyForDeploymentPostprocessing = 0;
		};
/* End PBXFrameworksBuildPhase section */

/* Begin PBXGroup section */
		D6E738392D11C84900AC5E87 = {
			isa = PBXGroup;
			children = (
				D6E739A52D250A5600AC5E87 /* Secrets.xcconfig */,
				D6E738442D11C84900AC5E87 /* TrackFit */,
				D6E738572D11C84A00AC5E87 /* TrackFitTests */,
				D6E738612D11C84A00AC5E87 /* TrackFitUITests */,
				D6E738432D11C84900AC5E87 /* Products */,
			);
			sourceTree = "<group>";
		};
		D6E738432D11C84900AC5E87 /* Products */ = {
			isa = PBXGroup;
			children = (
				D6E738422D11C84900AC5E87 /* TrackFit.app */,
				D6E738542D11C84A00AC5E87 /* TrackFitTests.xctest */,
				D6E7385E2D11C84A00AC5E87 /* TrackFitUITests.xctest */,
			);
			name = Products;
			sourceTree = "<group>";
		};
/* End PBXGroup section */

/* Begin PBXNativeTarget section */
		D6E738412D11C84900AC5E87 /* TrackFit */ = {
			isa = PBXNativeTarget;
			buildConfigurationList = D6E738682D11C84A00AC5E87 /* Build configuration list for PBXNativeTarget "TrackFit" */;
			buildPhases = (
				D65E72412D8BE18400F61298 /* ShellScript */,
				D6E7383E2D11C84900AC5E87 /* Sources */,
				D6E7383F2D11C84900AC5E87 /* Frameworks */,
				D6E738402D11C84900AC5E87 /* Resources */,
			);
			buildRules = (
			);
			dependencies = (
			);
			fileSystemSynchronizedGroups = (
				D6E738442D11C84900AC5E87 /* TrackFit */,
			);
			name = TrackFit;
			packageProductDependencies = (
				D6E738782D1E7FFB00AC5E87 /* GoogleSignIn */,
				D6E7387A2D1E7FFB00AC5E87 /* GoogleSignInSwift */,
				D60C64AF2E1ABF1A0040128B /* GoogleMobileAds */,
			);
			productName = TrackFit;
			productReference = D6E738422D11C84900AC5E87 /* TrackFit.app */;
			productType = "com.apple.product-type.application";
		};
		D6E738532D11C84A00AC5E87 /* TrackFitTests */ = {
			isa = PBXNativeTarget;
			buildConfigurationList = D6E7386B2D11C84A00AC5E87 /* Build configuration list for PBXNativeTarget "TrackFitTests" */;
			buildPhases = (
				D6E738502D11C84A00AC5E87 /* Sources */,
				D6E738512D11C84A00AC5E87 /* Frameworks */,
				D6E738522D11C84A00AC5E87 /* Resources */,
			);
			buildRules = (
			);
			dependencies = (
				D6E738562D11C84A00AC5E87 /* PBXTargetDependency */,
			);
			fileSystemSynchronizedGroups = (
				D6E738572D11C84A00AC5E87 /* TrackFitTests */,
			);
			name = TrackFitTests;
			packageProductDependencies = (
			);
			productName = TrackFitTests;
			productReference = D6E738542D11C84A00AC5E87 /* TrackFitTests.xctest */;
			productType = "com.apple.product-type.bundle.unit-test";
		};
		D6E7385D2D11C84A00AC5E87 /* TrackFitUITests */ = {
			isa = PBXNativeTarget;
			buildConfigurationList = D6E7386E2D11C84A00AC5E87 /* Build configuration list for PBXNativeTarget "TrackFitUITests" */;
			buildPhases = (
				D6E7385A2D11C84A00AC5E87 /* Sources */,
				D6E7385B2D11C84A00AC5E87 /* Frameworks */,
				D6E7385C2D11C84A00AC5E87 /* Resources */,
			);
			buildRules = (
			);
			dependencies = (
				D6E738602D11C84A00AC5E87 /* PBXTargetDependency */,
			);
			fileSystemSynchronizedGroups = (
				D6E738612D11C84A00AC5E87 /* TrackFitUITests */,
			);
			name = TrackFitUITests;
			packageProductDependencies = (
			);
			productName = TrackFitUITests;
			productReference = D6E7385E2D11C84A00AC5E87 /* TrackFitUITests.xctest */;
			productType = "com.apple.product-type.bundle.ui-testing";
		};
/* End PBXNativeTarget section */

/* Begin PBXProject section */
		D6E7383A2D11C84900AC5E87 /* Project object */ = {
			isa = PBXProject;
			attributes = {
				BuildIndependentTargetsInParallel = 1;
				LastSwiftUpdateCheck = 1620;
				LastUpgradeCheck = 1640;
				TargetAttributes = {
					D6E738412D11C84900AC5E87 = {
						CreatedOnToolsVersion = 16.2;
					};
					D6E738532D11C84A00AC5E87 = {
						CreatedOnToolsVersion = 16.2;
						TestTargetID = D6E738412D11C84900AC5E87;
					};
					D6E7385D2D11C84A00AC5E87 = {
						CreatedOnToolsVersion = 16.2;
						TestTargetID = D6E738412D11C84900AC5E87;
					};
				};
			};
			buildConfigurationList = D6E7383D2D11C84900AC5E87 /* Build configuration list for PBXProject "TrackFit" */;
			developmentRegion = en;
			hasScannedForEncodings = 0;
			knownRegions = (
				en,
				Base,
			);
			mainGroup = D6E738392D11C84900AC5E87;
			minimizedProjectReferenceProxies = 1;
			packageReferences = (
				D6E738772D1E7FFB00AC5E87 /* XCRemoteSwiftPackageReference "GoogleSignIn-iOS" */,
				D60C64AE2E1ABF1A0040128B /* XCRemoteSwiftPackageReference "swift-package-manager-google-mobile-ads" */,
			);
			preferredProjectObjectVersion = 77;
			productRefGroup = D6E738432D11C84900AC5E87 /* Products */;
			projectDirPath = "";
			projectRoot = "";
			targets = (
				D6E738412D11C84900AC5E87 /* TrackFit */,
				D6E738532D11C84A00AC5E87 /* TrackFitTests */,
				D6E7385D2D11C84A00AC5E87 /* TrackFitUITests */,
			);
		};
/* End PBXProject section */

/* Begin PBXResourcesBuildPhase section */
		D6E738402D11C84900AC5E87 /* Resources */ = {
			isa = PBXResourcesBuildPhase;
			buildActionMask = 2147483647;
			files = (
			);
			runOnlyForDeploymentPostprocessing = 0;
		};
		D6E738522D11C84A00AC5E87 /* Resources */ = {
			isa = PBXResourcesBuildPhase;
			buildActionMask = 2147483647;
			files = (
			);
			runOnlyForDeploymentPostprocessing = 0;
		};
		D6E7385C2D11C84A00AC5E87 /* Resources */ = {
			isa = PBXResourcesBuildPhase;
			buildActionMask = 2147483647;
			files = (
			);
			runOnlyForDeploymentPostprocessing = 0;
		};
/* End PBXResourcesBuildPhase section */

/* Begin PBXShellScriptBuildPhase section */
		D65E72412D8BE18400F61298 /* ShellScript */ = {
			isa = PBXShellScriptBuildPhase;
			buildActionMask = 2147483647;
			files = (
			);
			inputFileListPaths = (
			);
			inputPaths = (
			);
			outputFileListPaths = (
			);
			outputPaths = (
			);
			runOnlyForDeploymentPostprocessing = 0;
			shellPath = /bin/sh;
			shellScript = "# # フォーマットしたいフォルダを指定\nTARGET_DIR=\"$SRCROOT/TrackFit\"\n\n# Xcode内蔵のswift-formatを使用してフォーマットを実行\nif xcrun --find swift-format >/dev/null; then\n  xcrun swift-format format --in-place --recursive \"$TARGET_DIR\"\n  xcrun swift-format lint --recursive \"$TARGET_DIR\"\nelse\n  echo \"warning: Xcodeにswift-formatが見つかりません。Xcode 15以降を使用してください。\"\nfi\n";
		};
/* End PBXShellScriptBuildPhase section */

/* Begin PBXSourcesBuildPhase section */
		D6E7383E2D11C84900AC5E87 /* Sources */ = {
			isa = PBXSourcesBuildPhase;
			buildActionMask = 2147483647;
			files = (
			);
			runOnlyForDeploymentPostprocessing = 0;
		};
		D6E738502D11C84A00AC5E87 /* Sources */ = {
			isa = PBXSourcesBuildPhase;
			buildActionMask = 2147483647;
			files = (
			);
			runOnlyForDeploymentPostprocessing = 0;
		};
		D6E7385A2D11C84A00AC5E87 /* Sources */ = {
			isa = PBXSourcesBuildPhase;
			buildActionMask = 2147483647;
			files = (
			);
			runOnlyForDeploymentPostprocessing = 0;
		};
/* End PBXSourcesBuildPhase section */

/* Begin PBXTargetDependency section */
		D6E738562D11C84A00AC5E87 /* PBXTargetDependency */ = {
			isa = PBXTargetDependency;
			target = D6E738412D11C84900AC5E87 /* TrackFit */;
			targetProxy = D6E738552D11C84A00AC5E87 /* PBXContainerItemProxy */;
		};
		D6E738602D11C84A00AC5E87 /* PBXTargetDependency */ = {
			isa = PBXTargetDependency;
			target = D6E738412D11C84900AC5E87 /* TrackFit */;
			targetProxy = D6E7385F2D11C84A00AC5E87 /* PBXContainerItemProxy */;
		};
/* End PBXTargetDependency section */

/* Begin XCBuildConfiguration section */
		D6E738662D11C84A00AC5E87 /* Debug */ = {
			isa = XCBuildConfiguration;
			buildSettings = {
				ALWAYS_SEARCH_USER_PATHS = NO;
				ASSETCATALOG_COMPILER_GENERATE_SWIFT_ASSET_SYMBOL_EXTENSIONS = YES;
				CLANG_ANALYZER_NONNULL = YES;
				CLANG_ANALYZER_NUMBER_OBJECT_CONVERSION = YES_AGGRESSIVE;
				CLANG_CXX_LANGUAGE_STANDARD = "gnu++20";
				CLANG_ENABLE_MODULES = YES;
				CLANG_ENABLE_OBJC_ARC = YES;
				CLANG_ENABLE_OBJC_WEAK = YES;
				CLANG_WARN_BLOCK_CAPTURE_AUTORELEASING = YES;
				CLANG_WARN_BOOL_CONVERSION = YES;
				CLANG_WARN_COMMA = YES;
				CLANG_WARN_CONSTANT_CONVERSION = YES;
				CLANG_WARN_DEPRECATED_OBJC_IMPLEMENTATIONS = YES;
				CLANG_WARN_DIRECT_OBJC_ISA_USAGE = YES_ERROR;
				CLANG_WARN_DOCUMENTATION_COMMENTS = YES;
				CLANG_WARN_EMPTY_BODY = YES;
				CLANG_WARN_ENUM_CONVERSION = YES;
				CLANG_WARN_INFINITE_RECURSION = YES;
				CLANG_WARN_INT_CONVERSION = YES;
				CLANG_WARN_NON_LITERAL_NULL_CONVERSION = YES;
				CLANG_WARN_OBJC_IMPLICIT_RETAIN_SELF = YES;
				CLANG_WARN_OBJC_LITERAL_CONVERSION = YES;
				CLANG_WARN_OBJC_ROOT_CLASS = YES_ERROR;
				CLANG_WARN_QUOTED_INCLUDE_IN_FRAMEWORK_HEADER = YES;
				CLANG_WARN_RANGE_LOOP_ANALYSIS = YES;
				CLANG_WARN_STRICT_PROTOTYPES = YES;
				CLANG_WARN_SUSPICIOUS_MOVE = YES;
				CLANG_WARN_UNGUARDED_AVAILABILITY = YES_AGGRESSIVE;
				CLANG_WARN_UNREACHABLE_CODE = YES;
				CLANG_WARN__DUPLICATE_METHOD_MATCH = YES;
				COPY_PHASE_STRIP = NO;
				DEBUG_INFORMATION_FORMAT = dwarf;
				DEVELOPMENT_TEAM = HF42G63PQY;
				ENABLE_STRICT_OBJC_MSGSEND = YES;
				ENABLE_TESTABILITY = YES;
				ENABLE_USER_SCRIPT_SANDBOXING = NO;
				GCC_C_LANGUAGE_STANDARD = gnu17;
				GCC_DYNAMIC_NO_PIC = NO;
				GCC_NO_COMMON_BLOCKS = YES;
				GCC_OPTIMIZATION_LEVEL = 0;
				GCC_PREPROCESSOR_DEFINITIONS = (
					"DEBUG=1",
					"$(inherited)",
				);
				GCC_WARN_64_TO_32_BIT_CONVERSION = YES;
				GCC_WARN_ABOUT_RETURN_TYPE = YES_ERROR;
				GCC_WARN_UNDECLARED_SELECTOR = YES;
				GCC_WARN_UNINITIALIZED_AUTOS = YES_AGGRESSIVE;
				GCC_WARN_UNUSED_FUNCTION = YES;
				GCC_WARN_UNUSED_VARIABLE = YES;
				IPHONEOS_DEPLOYMENT_TARGET = 18.0;
				LOCALIZATION_PREFERS_STRING_CATALOGS = YES;
				MTL_ENABLE_DEBUG_INFO = INCLUDE_SOURCE;
				MTL_FAST_MATH = YES;
				ONLY_ACTIVE_ARCH = YES;
				SDKROOT = iphoneos;
				SWIFT_ACTIVE_COMPILATION_CONDITIONS = "DEBUG $(inherited)";
				SWIFT_OPTIMIZATION_LEVEL = "-Onone";
			};
			name = Debug;
		};
		D6E738672D11C84A00AC5E87 /* Release */ = {
			isa = XCBuildConfiguration;
			buildSettings = {
				ALWAYS_SEARCH_USER_PATHS = NO;
				ASSETCATALOG_COMPILER_GENERATE_SWIFT_ASSET_SYMBOL_EXTENSIONS = YES;
				CLANG_ANALYZER_NONNULL = YES;
				CLANG_ANALYZER_NUMBER_OBJECT_CONVERSION = YES_AGGRESSIVE;
				CLANG_CXX_LANGUAGE_STANDARD = "gnu++20";
				CLANG_ENABLE_MODULES = YES;
				CLANG_ENABLE_OBJC_ARC = YES;
				CLANG_ENABLE_OBJC_WEAK = YES;
				CLANG_WARN_BLOCK_CAPTURE_AUTORELEASING = YES;
				CLANG_WARN_BOOL_CONVERSION = YES;
				CLANG_WARN_COMMA = YES;
				CLANG_WARN_CONSTANT_CONVERSION = YES;
				CLANG_WARN_DEPRECATED_OBJC_IMPLEMENTATIONS = YES;
				CLANG_WARN_DIRECT_OBJC_ISA_USAGE = YES_ERROR;
				CLANG_WARN_DOCUMENTATION_COMMENTS = YES;
				CLANG_WARN_EMPTY_BODY = YES;
				CLANG_WARN_ENUM_CONVERSION = YES;
				CLANG_WARN_INFINITE_RECURSION = YES;
				CLANG_WARN_INT_CONVERSION = YES;
				CLANG_WARN_NON_LITERAL_NULL_CONVERSION = YES;
				CLANG_WARN_OBJC_IMPLICIT_RETAIN_SELF = YES;
				CLANG_WARN_OBJC_LITERAL_CONVERSION = YES;
				CLANG_WARN_OBJC_ROOT_CLASS = YES_ERROR;
				CLANG_WARN_QUOTED_INCLUDE_IN_FRAMEWORK_HEADER = YES;
				CLANG_WARN_RANGE_LOOP_ANALYSIS = YES;
				CLANG_WARN_STRICT_PROTOTYPES = YES;
				CLANG_WARN_SUSPICIOUS_MOVE = YES;
				CLANG_WARN_UNGUARDED_AVAILABILITY = YES_AGGRESSIVE;
				CLANG_WARN_UNREACHABLE_CODE = YES;
				CLANG_WARN__DUPLICATE_METHOD_MATCH = YES;
				COPY_PHASE_STRIP = NO;
				DEBUG_INFORMATION_FORMAT = "dwarf-with-dsym";
				DEVELOPMENT_TEAM = HF42G63PQY;
				ENABLE_NS_ASSERTIONS = NO;
				ENABLE_STRICT_OBJC_MSGSEND = YES;
				ENABLE_USER_SCRIPT_SANDBOXING = NO;
				GCC_C_LANGUAGE_STANDARD = gnu17;
				GCC_NO_COMMON_BLOCKS = YES;
				GCC_WARN_64_TO_32_BIT_CONVERSION = YES;
				GCC_WARN_ABOUT_RETURN_TYPE = YES_ERROR;
				GCC_WARN_UNDECLARED_SELECTOR = YES;
				GCC_WARN_UNINITIALIZED_AUTOS = YES_AGGRESSIVE;
				GCC_WARN_UNUSED_FUNCTION = YES;
				GCC_WARN_UNUSED_VARIABLE = YES;
				IPHONEOS_DEPLOYMENT_TARGET = 18.0;
				LOCALIZATION_PREFERS_STRING_CATALOGS = YES;
				MTL_ENABLE_DEBUG_INFO = NO;
				MTL_FAST_MATH = YES;
				SDKROOT = iphoneos;
				SWIFT_COMPILATION_MODE = wholemodule;
				VALIDATE_PRODUCT = YES;
			};
			name = Release;
		};
		D6E738692D11C84A00AC5E87 /* Debug */ = {
			isa = XCBuildConfiguration;
			baseConfigurationReference = D6E739A52D250A5600AC5E87 /* Secrets.xcconfig */;
			buildSettings = {
				ASSETCATALOG_COMPILER_APPICON_NAME = AppIcon;
				ASSETCATALOG_COMPILER_GLOBAL_ACCENT_COLOR_NAME = AccentColor;
				CODE_SIGN_STYLE = Automatic;
				CURRENT_PROJECT_VERSION = 1;
				DEVELOPMENT_ASSET_PATHS = "\"TrackFit/Preview Content\"";
				ENABLE_PREVIEWS = YES;
				GENERATE_INFOPLIST_FILE = YES;
				INFOPLIST_FILE = TrackFit/Info.plist;
				INFOPLIST_KEY_UIApplicationSceneManifest_Generation = YES;
				INFOPLIST_KEY_UIApplicationSupportsIndirectInputEvents = YES;
				INFOPLIST_KEY_UILaunchScreen_Generation = YES;
				INFOPLIST_KEY_UISupportedInterfaceOrientations_iPad = "UIInterfaceOrientationPortrait UIInterfaceOrientationPortraitUpsideDown UIInterfaceOrientationLandscapeLeft UIInterfaceOrientationLandscapeRight";
				INFOPLIST_KEY_UISupportedInterfaceOrientations_iPhone = "UIInterfaceOrientationPortrait UIInterfaceOrientationLandscapeLeft UIInterfaceOrientationLandscapeRight";
				LD_RUNPATH_SEARCH_PATHS = (
					"$(inherited)",
					"@executable_path/Frameworks",
				);
				MARKETING_VERSION = 1.0;
				PRODUCT_BUNDLE_IDENTIFIER = com.ribereo.minami.TrackFit;
				PRODUCT_NAME = "$(TARGET_NAME)";
				SWIFT_EMIT_LOC_STRINGS = YES;
				SWIFT_VERSION = 5.0;
				TARGETED_DEVICE_FAMILY = "1,2";
			};
			name = Debug;
		};
		D6E7386A2D11C84A00AC5E87 /* Release */ = {
			isa = XCBuildConfiguration;
			baseConfigurationReference = D6E739A52D250A5600AC5E87 /* Secrets.xcconfig */;
			buildSettings = {
				ASSETCATALOG_COMPILER_APPICON_NAME = AppIcon;
				ASSETCATALOG_COMPILER_GLOBAL_ACCENT_COLOR_NAME = AccentColor;
				CODE_SIGN_STYLE = Automatic;
				CURRENT_PROJECT_VERSION = 1;
				DEVELOPMENT_ASSET_PATHS = "\"TrackFit/Preview Content\"";
				ENABLE_PREVIEWS = YES;
				GENERATE_INFOPLIST_FILE = YES;
				INFOPLIST_FILE = TrackFit/Info.plist;
				INFOPLIST_KEY_UIApplicationSceneManifest_Generation = YES;
				INFOPLIST_KEY_UIApplicationSupportsIndirectInputEvents = YES;
				INFOPLIST_KEY_UILaunchScreen_Generation = YES;
				INFOPLIST_KEY_UISupportedInterfaceOrientations_iPad = "UIInterfaceOrientationPortrait UIInterfaceOrientationPortraitUpsideDown UIInterfaceOrientationLandscapeLeft UIInterfaceOrientationLandscapeRight";
				INFOPLIST_KEY_UISupportedInterfaceOrientations_iPhone = "UIInterfaceOrientationPortrait UIInterfaceOrientationLandscapeLeft UIInterfaceOrientationLandscapeRight";
				LD_RUNPATH_SEARCH_PATHS = (
					"$(inherited)",
					"@executable_path/Frameworks",
				);
				MARKETING_VERSION = 1.0;
				PRODUCT_BUNDLE_IDENTIFIER = com.ribereo.minami.TrackFit;
				PRODUCT_NAME = "$(TARGET_NAME)";
				SWIFT_EMIT_LOC_STRINGS = YES;
				SWIFT_VERSION = 5.0;
				TARGETED_DEVICE_FAMILY = "1,2";
			};
			name = Release;
		};
		D6E7386C2D11C84A00AC5E87 /* Debug */ = {
			isa = XCBuildConfiguration;
			buildSettings = {
				BUNDLE_LOADER = "$(TEST_HOST)";
				CODE_SIGN_STYLE = Automatic;
				CURRENT_PROJECT_VERSION = 1;
				GENERATE_INFOPLIST_FILE = YES;
				IPHONEOS_DEPLOYMENT_TARGET = 18.2;
				MARKETING_VERSION = 1.0;
				PRODUCT_BUNDLE_IDENTIFIER = com.ribereo.minami.TrackFitTests;
				PRODUCT_NAME = "$(TARGET_NAME)";
				SWIFT_EMIT_LOC_STRINGS = NO;
				SWIFT_VERSION = 5.0;
				TARGETED_DEVICE_FAMILY = "1,2";
				TEST_HOST = "$(BUILT_PRODUCTS_DIR)/TrackFit.app/$(BUNDLE_EXECUTABLE_FOLDER_PATH)/TrackFit";
			};
			name = Debug;
		};
		D6E7386D2D11C84A00AC5E87 /* Release */ = {
			isa = XCBuildConfiguration;
			buildSettings = {
				BUNDLE_LOADER = "$(TEST_HOST)";
				CODE_SIGN_STYLE = Automatic;
				CURRENT_PROJECT_VERSION = 1;
				GENERATE_INFOPLIST_FILE = YES;
				IPHONEOS_DEPLOYMENT_TARGET = 18.2;
				MARKETING_VERSION = 1.0;
				PRODUCT_BUNDLE_IDENTIFIER = com.ribereo.minami.TrackFitTests;
				PRODUCT_NAME = "$(TARGET_NAME)";
				SWIFT_EMIT_LOC_STRINGS = NO;
				SWIFT_VERSION = 5.0;
				TARGETED_DEVICE_FAMILY = "1,2";
				TEST_HOST = "$(BUILT_PRODUCTS_DIR)/TrackFit.app/$(BUNDLE_EXECUTABLE_FOLDER_PATH)/TrackFit";
			};
			name = Release;
		};
		D6E7386F2D11C84A00AC5E87 /* Debug */ = {
			isa = XCBuildConfiguration;
			buildSettings = {
				CODE_SIGN_STYLE = Automatic;
				CURRENT_PROJECT_VERSION = 1;
				GENERATE_INFOPLIST_FILE = YES;
				MARKETING_VERSION = 1.0;
				PRODUCT_BUNDLE_IDENTIFIER = com.ribereo.minami.TrackFitUITests;
				PRODUCT_NAME = "$(TARGET_NAME)";
				SWIFT_EMIT_LOC_STRINGS = NO;
				SWIFT_VERSION = 5.0;
				TARGETED_DEVICE_FAMILY = "1,2";
				TEST_TARGET_NAME = TrackFit;
			};
			name = Debug;
		};
		D6E738702D11C84A00AC5E87 /* Release */ = {
			isa = XCBuildConfiguration;
			buildSettings = {
				CODE_SIGN_STYLE = Automatic;
				CURRENT_PROJECT_VERSION = 1;
				GENERATE_INFOPLIST_FILE = YES;
				MARKETING_VERSION = 1.0;
				PRODUCT_BUNDLE_IDENTIFIER = com.ribereo.minami.TrackFitUITests;
				PRODUCT_NAME = "$(TARGET_NAME)";
				SWIFT_EMIT_LOC_STRINGS = NO;
				SWIFT_VERSION = 5.0;
				TARGETED_DEVICE_FAMILY = "1,2";
				TEST_TARGET_NAME = TrackFit;
			};
			name = Release;
		};
/* End XCBuildConfiguration section */

/* Begin XCConfigurationList section */
		D6E7383D2D11C84900AC5E87 /* Build configuration list for PBXProject "TrackFit" */ = {
			isa = XCConfigurationList;
			buildConfigurations = (
				D6E738662D11C84A00AC5E87 /* Debug */,
				D6E738672D11C84A00AC5E87 /* Release */,
			);
			defaultConfigurationIsVisible = 0;
			defaultConfigurationName = Release;
		};
		D6E738682D11C84A00AC5E87 /* Build configuration list for PBXNativeTarget "TrackFit" */ = {
			isa = XCConfigurationList;
			buildConfigurations = (
				D6E738692D11C84A00AC5E87 /* Debug */,
				D6E7386A2D11C84A00AC5E87 /* Release */,
			);
			defaultConfigurationIsVisible = 0;
			defaultConfigurationName = Release;
		};
		D6E7386B2D11C84A00AC5E87 /* Build configuration list for PBXNativeTarget "TrackFitTests" */ = {
			isa = XCConfigurationList;
			buildConfigurations = (
				D6E7386C2D11C84A00AC5E87 /* Debug */,
				D6E7386D2D11C84A00AC5E87 /* Release */,
			);
			defaultConfigurationIsVisible = 0;
			defaultConfigurationName = Release;
		};
		D6E7386E2D11C84A00AC5E87 /* Build configuration list for PBXNativeTarget "TrackFitUITests" */ = {
			isa = XCConfigurationList;
			buildConfigurations = (
				D6E7386F2D11C84A00AC5E87 /* Debug */,
				D6E738702D11C84A00AC5E87 /* Release */,
			);
			defaultConfigurationIsVisible = 0;
			defaultConfigurationName = Release;
		};
/* End XCConfigurationList section */

/* Begin XCRemoteSwiftPackageReference section */
		D60C64AE2E1ABF1A0040128B /* XCRemoteSwiftPackageReference "swift-package-manager-google-mobile-ads" */ = {
			isa = XCRemoteSwiftPackageReference;
			repositoryURL = "https://github.com/googleads/swift-package-manager-google-mobile-ads.git";
			requirement = {
				kind = upToNextMajorVersion;
				minimumVersion = 12.6.0;
			};
		};
		D6E738772D1E7FFB00AC5E87 /* XCRemoteSwiftPackageReference "GoogleSignIn-iOS" */ = {
			isa = XCRemoteSwiftPackageReference;
			repositoryURL = "https://github.com/google/GoogleSignIn-iOS.git";
			requirement = {
				kind = upToNextMajorVersion;
				minimumVersion = 8.0.0;
			};
		};
/* End XCRemoteSwiftPackageReference section */

/* Begin XCSwiftPackageProductDependency section */
		D60C64AF2E1ABF1A0040128B /* GoogleMobileAds */ = {
			isa = XCSwiftPackageProductDependency;
			package = D60C64AE2E1ABF1A0040128B /* XCRemoteSwiftPackageReference "swift-package-manager-google-mobile-ads" */;
			productName = GoogleMobileAds;
		};
		D6E738782D1E7FFB00AC5E87 /* GoogleSignIn */ = {
			isa = XCSwiftPackageProductDependency;
			package = D6E738772D1E7FFB00AC5E87 /* XCRemoteSwiftPackageReference "GoogleSignIn-iOS" */;
			productName = GoogleSignIn;
		};
		D6E7387A2D1E7FFB00AC5E87 /* GoogleSignInSwift */ = {
			isa = XCSwiftPackageProductDependency;
			package = D6E738772D1E7FFB00AC5E87 /* XCRemoteSwiftPackageReference "GoogleSignIn-iOS" */;
			productName = GoogleSignInSwift;
		};
/* End XCSwiftPackageProductDependency section */
	};
	rootObject = D6E7383A2D11C84900AC5E87 /* Project object */;
}
